
Microsoft Visual Studio Solution File, Format Version 12.00
# Visual Studio 2013
VisualStudioVersion = 12.0.21005.1
MinimumVisualStudioVersion = 10.0.40219.1
Project("{8BC9CEB8-8B4A-11D0-8D11-00A0C91BC942}") = "HttpClient", "HttpClient\HttpClient.vcxproj", "{63DBB66A-5E0C-4D0E-9230-426E4FE01FD8}"
EndProject
Global
	GlobalSection(SolutionConfigurationPlatforms) = preSolution
		Debug|Win32 = Debug|Win32
		Release|Win32 = Release|Win32
	EndGlobalSection
	GlobalSection(ProjectConfigurationPlatforms) = postSolution
		{63DBB66A-5E0C-4D0E-9230-426E4FE01FD8}.Debug|Win32.ActiveCfg = Debug|Win32
		{63DBB66A-5E0C-4D0E-9230-426E4FE01FD8}.Debug|Win32.Build.0 = Debug|Win32
		{63DBB66A-5E0C-4D0E-9230-426E4FE01FD8}.Release|Win32.ActiveCfg = Release|Win32
		{63DBB66A-5E0C-4D0E-9230-426E4FE01FD8}.Release|Win32.Build.0 = Release|Win32
	EndGlobalSection
	GlobalSection(SolutionProperties) = preSolution
		HideSolutionNode = FALSE
	EndGlobalSection
EndGlobal
